# generated by rye
# use `rye lock` or `rye sync` to update this lockfile
#
# last locked with the following flags:
#   pre: false
#   features: []
#   all-features: false
#   with-sources: false
#   generate-hashes: false
#   universal: false

-e file:.
cffi==1.17.1
    # via cryptography
cryptography==44.0.0
    # via bta-2024-vote-analysis
et-xmlfile==2.0.0
    # via openpyxl
markdown-it-py==3.0.0
    # via rich
mdurl==0.1.2
    # via markdown-it-py
msgpack==1.1.0
    # via bta-2024-vote-analysis
    # via msgpack-types
msgpack-types==0.5.0
    # via bta-2024-vote-analysis
numpy==2.2.2
    # via bta-2024-vote-analysis
    # via pandas
    # via pandas-stubs
openpyxl==3.1.5
    # via bta-2024-vote-analysis
pandas==2.2.3
    # via bta-2024-vote-analysis
pandas-stubs==2.2.3.241126
    # via bta-2024-vote-analysis
pycparser==2.22
    # via cffi
pygments==2.19.1
    # via rich
pypinyin==0.53.0
    # via bta-2024-vote-analysis
python-dateutil==2.9.0.post0
    # via pandas
pytz==2025.1
    # via pandas
rich==13.9.4
    # via bta-2024-vote-analysis
six==1.17.0
    # via python-dateutil
types-pytz==2025.1.0.20250204
    # via pandas-stubs
typing-extensions==4.12.2
    # via msgpack-types
tzdata==2025.1
    # via pandas
